
Microsoft Visual Studio Solution File, Format Version 12.00
# Visual Studio 2012
Project("{FAE04EC0-301F-11D3-BF4B-00C04F79EFBC}") = "MobileYoutubeView", "MobileYoutubeView\MobileYoutubeView.csproj", "{0DFAF2F5-E250-4DD9-B2F9-E8C37BC8EE7C}"
EndProject
Global
	GlobalSection(SolutionConfigurationPlatforms) = preSolution
		Debug|Any CPU = Debug|Any CPU
		Release|Any CPU = Release|Any CPU
	EndGlobalSection
	GlobalSection(ProjectConfigurationPlatforms) = postSolution
		{0DFAF2F5-E250-4DD9-B2F9-E8C37BC8EE7C}.Debug|Any CPU.ActiveCfg = Debug|Any CPU
		{0DFAF2F5-E250-4DD9-B2F9-E8C37BC8EE7C}.Debug|Any CPU.Build.0 = Debug|Any CPU
		{0DFAF2F5-E250-4DD9-B2F9-E8C37BC8EE7C}.Release|Any CPU.ActiveCfg = Release|Any CPU
		{0DFAF2F5-E250-4DD9-B2F9-E8C37BC8EE7C}.Release|Any CPU.Build.0 = Release|Any CPU
	EndGlobalSection
	GlobalSection(SolutionProperties) = preSolution
		HideSolutionNode = FALSE
	EndGlobalSection
EndGlobal
