
Microsoft Visual Studio Solution File, Format Version 12.00
# Visual Studio 2012
Project("{FAE04EC0-301F-11D3-BF4B-00C04F79EFBC}") = "MobileYouTubeView.Web", "MobileYouTubeView.Web\MobileYouTubeView.Web.csproj", "{9EEBC5B5-F71F-49B2-BA14-5B3332B5E125}"
EndProject
Global
	GlobalSection(SolutionConfigurationPlatforms) = preSolution
		Debug|Any CPU = Debug|Any CPU
		Release|Any CPU = Release|Any CPU
	EndGlobalSection
	GlobalSection(ProjectConfigurationPlatforms) = postSolution
		{9EEBC5B5-F71F-49B2-BA14-5B3332B5E125}.Debug|Any CPU.ActiveCfg = Debug|Any CPU
		{9EEBC5B5-F71F-49B2-BA14-5B3332B5E125}.Debug|Any CPU.Build.0 = Debug|Any CPU
		{9EEBC5B5-F71F-49B2-BA14-5B3332B5E125}.Release|Any CPU.ActiveCfg = Release|Any CPU
		{9EEBC5B5-F71F-49B2-BA14-5B3332B5E125}.Release|Any CPU.Build.0 = Release|Any CPU
	EndGlobalSection
	GlobalSection(SolutionProperties) = preSolution
		HideSolutionNode = FALSE
	EndGlobalSection
EndGlobal
